
Microsoft Visual Studio Solution File, Format Version 12.00
# Visual Studio Version 16
VisualStudioVersion = 16.0.35026.282
MinimumVisualStudioVersion = 10.0.40219.1
Project("{8BC9CEB8-8B4A-11D0-8D11-00A0C91BC942}") = "UseClib", "UseClib\UseClib.vcxproj", "{79864ABB-DE69-42DE-B37A-0093ED33F20B}"
EndProject
Project("{8BC9CEB8-8B4A-11D0-8D11-00A0C91BC942}") = "Clib", "Clib\Clib.vcxproj", "{C74096A1-DB6F-4EE4-8EE3-E0CDEF662C73}"
EndProject
Project("{8BC9CEB8-8B4A-11D0-8D11-00A0C91BC942}") = "CPPlib", "CPPlib\CPPlib.vcxproj", "{176D2E67-09E7-4373-B195-24C06858B150}"
EndProject
Project("{8BC9CEB8-8B4A-11D0-8D11-00A0C91BC942}") = "UseCPPlib", "UseCPPlib\UseCPPlib.vcxproj", "{919072ED-9678-44B5-BBAC-58EB73643A4B}"
EndProject
Project("{8BC9CEB8-8B4A-11D0-8D11-00A0C91BC942}") = "CPPdll", "CPPdll\CPPdll.vcxproj", "{2E0DE1DB-75A4-46A6-BE2D-EE91F20794C5}"
EndProject
Project("{8BC9CEB8-8B4A-11D0-8D11-00A0C91BC942}") = "UserImplicitDll", "UserImplicitDll\UserImplicitDll.vcxproj", "{B00D9694-D33E-48BF-A508-04255C106B1C}"
EndProject
Project("{8BC9CEB8-8B4A-11D0-8D11-00A0C91BC942}") = "UserExplicitDll", "UserExplicitDll\UserExplicitDll.vcxproj", "{BAF5DF2A-2C30-47B5-8571-64331648EC46}"
EndProject
Project("{8BC9CEB8-8B4A-11D0-8D11-00A0C91BC942}") = "ClassDll", "ClassDll\ClassDll.vcxproj", "{D1BB6B94-3515-458A-A4DD-B574C750D885}"
EndProject
Project("{8BC9CEB8-8B4A-11D0-8D11-00A0C91BC942}") = "UserClassDll", "UserClassDll\UserClassDll.vcxproj", "{43511BAF-DDC4-4968-8818-902977760D89}"
EndProject
Global
	GlobalSection(SolutionConfigurationPlatforms) = preSolution
		Debug|x64 = Debug|x64
		Debug|x86 = Debug|x86
		Release|x64 = Release|x64
		Release|x86 = Release|x86
	EndGlobalSection
	GlobalSection(ProjectConfigurationPlatforms) = postSolution
		{79864ABB-DE69-42DE-B37A-0093ED33F20B}.Debug|x64.ActiveCfg = Debug|x64
		{79864ABB-DE69-42DE-B37A-0093ED33F20B}.Debug|x64.Build.0 = Debug|x64
		{79864ABB-DE69-42DE-B37A-0093ED33F20B}.Debug|x86.ActiveCfg = Debug|Win32
		{79864ABB-DE69-42DE-B37A-0093ED33F20B}.Debug|x86.Build.0 = Debug|Win32
		{79864ABB-DE69-42DE-B37A-0093ED33F20B}.Release|x64.ActiveCfg = Release|x64
		{79864ABB-DE69-42DE-B37A-0093ED33F20B}.Release|x64.Build.0 = Release|x64
		{79864ABB-DE69-42DE-B37A-0093ED33F20B}.Release|x86.ActiveCfg = Release|Win32
		{79864ABB-DE69-42DE-B37A-0093ED33F20B}.Release|x86.Build.0 = Release|Win32
		{C74096A1-DB6F-4EE4-8EE3-E0CDEF662C73}.Debug|x64.ActiveCfg = Debug|x64
		{C74096A1-DB6F-4EE4-8EE3-E0CDEF662C73}.Debug|x64.Build.0 = Debug|x64
		{C74096A1-DB6F-4EE4-8EE3-E0CDEF662C73}.Debug|x86.ActiveCfg = Debug|Win32
		{C74096A1-DB6F-4EE4-8EE3-E0CDEF662C73}.Debug|x86.Build.0 = Debug|Win32
		{C74096A1-DB6F-4EE4-8EE3-E0CDEF662C73}.Release|x64.ActiveCfg = Release|x64
		{C74096A1-DB6F-4EE4-8EE3-E0CDEF662C73}.Release|x64.Build.0 = Release|x64
		{C74096A1-DB6F-4EE4-8EE3-E0CDEF662C73}.Release|x86.ActiveCfg = Release|Win32
		{C74096A1-DB6F-4EE4-8EE3-E0CDEF662C73}.Release|x86.Build.0 = Release|Win32
		{176D2E67-09E7-4373-B195-24C06858B150}.Debug|x64.ActiveCfg = Debug|x64
		{176D2E67-09E7-4373-B195-24C06858B150}.Debug|x64.Build.0 = Debug|x64
		{176D2E67-09E7-4373-B195-24C06858B150}.Debug|x86.ActiveCfg = Debug|Win32
		{176D2E67-09E7-4373-B195-24C06858B150}.Debug|x86.Build.0 = Debug|Win32
		{176D2E67-09E7-4373-B195-24C06858B150}.Release|x64.ActiveCfg = Release|x64
		{176D2E67-09E7-4373-B195-24C06858B150}.Release|x64.Build.0 = Release|x64
		{176D2E67-09E7-4373-B195-24C06858B150}.Release|x86.ActiveCfg = Release|Win32
		{176D2E67-09E7-4373-B195-24C06858B150}.Release|x86.Build.0 = Release|Win32
		{919072ED-9678-44B5-BBAC-58EB73643A4B}.Debug|x64.ActiveCfg = Debug|x64
		{919072ED-9678-44B5-BBAC-58EB73643A4B}.Debug|x64.Build.0 = Debug|x64
		{919072ED-9678-44B5-BBAC-58EB73643A4B}.Debug|x86.ActiveCfg = Debug|Win32
		{919072ED-9678-44B5-BBAC-58EB73643A4B}.Debug|x86.Build.0 = Debug|Win32
		{919072ED-9678-44B5-BBAC-58EB73643A4B}.Release|x64.ActiveCfg = Release|x64
		{919072ED-9678-44B5-BBAC-58EB73643A4B}.Release|x64.Build.0 = Release|x64
		{919072ED-9678-44B5-BBAC-58EB73643A4B}.Release|x86.ActiveCfg = Release|Win32
		{919072ED-9678-44B5-BBAC-58EB73643A4B}.Release|x86.Build.0 = Release|Win32
		{2E0DE1DB-75A4-46A6-BE2D-EE91F20794C5}.Debug|x64.ActiveCfg = Debug|x64
		{2E0DE1DB-75A4-46A6-BE2D-EE91F20794C5}.Debug|x64.Build.0 = Debug|x64
		{2E0DE1DB-75A4-46A6-BE2D-EE91F20794C5}.Debug|x86.ActiveCfg = Debug|Win32
		{2E0DE1DB-75A4-46A6-BE2D-EE91F20794C5}.Debug|x86.Build.0 = Debug|Win32
		{2E0DE1DB-75A4-46A6-BE2D-EE91F20794C5}.Release|x64.ActiveCfg = Release|x64
		{2E0DE1DB-75A4-46A6-BE2D-EE91F20794C5}.Release|x64.Build.0 = Release|x64
		{2E0DE1DB-75A4-46A6-BE2D-EE91F20794C5}.Release|x86.ActiveCfg = Release|Win32
		{2E0DE1DB-75A4-46A6-BE2D-EE91F20794C5}.Release|x86.Build.0 = Release|Win32
		{B00D9694-D33E-48BF-A508-04255C106B1C}.Debug|x64.ActiveCfg = Debug|x64
		{B00D9694-D33E-48BF-A508-04255C106B1C}.Debug|x64.Build.0 = Debug|x64
		{B00D9694-D33E-48BF-A508-04255C106B1C}.Debug|x86.ActiveCfg = Debug|Win32
		{B00D9694-D33E-48BF-A508-04255C106B1C}.Debug|x86.Build.0 = Debug|Win32
		{B00D9694-D33E-48BF-A508-04255C106B1C}.Release|x64.ActiveCfg = Release|x64
		{B00D9694-D33E-48BF-A508-04255C106B1C}.Release|x64.Build.0 = Release|x64
		{B00D9694-D33E-48BF-A508-04255C106B1C}.Release|x86.ActiveCfg = Release|Win32
		{B00D9694-D33E-48BF-A508-04255C106B1C}.Release|x86.Build.0 = Release|Win32
		{BAF5DF2A-2C30-47B5-8571-64331648EC46}.Debug|x64.ActiveCfg = Debug|x64
		{BAF5DF2A-2C30-47B5-8571-64331648EC46}.Debug|x64.Build.0 = Debug|x64
		{BAF5DF2A-2C30-47B5-8571-64331648EC46}.Debug|x86.ActiveCfg = Debug|Win32
		{BAF5DF2A-2C30-47B5-8571-64331648EC46}.Debug|x86.Build.0 = Debug|Win32
		{BAF5DF2A-2C30-47B5-8571-64331648EC46}.Release|x64.ActiveCfg = Release|x64
		{BAF5DF2A-2C30-47B5-8571-64331648EC46}.Release|x64.Build.0 = Release|x64
		{BAF5DF2A-2C30-47B5-8571-64331648EC46}.Release|x86.ActiveCfg = Release|Win32
		{BAF5DF2A-2C30-47B5-8571-64331648EC46}.Release|x86.Build.0 = Release|Win32
		{D1BB6B94-3515-458A-A4DD-B574C750D885}.Debug|x64.ActiveCfg = Debug|x64
		{D1BB6B94-3515-458A-A4DD-B574C750D885}.Debug|x64.Build.0 = Debug|x64
		{D1BB6B94-3515-458A-A4DD-B574C750D885}.Debug|x86.ActiveCfg = Debug|Win32
		{D1BB6B94-3515-458A-A4DD-B574C750D885}.Debug|x86.Build.0 = Debug|Win32
		{D1BB6B94-3515-458A-A4DD-B574C750D885}.Release|x64.ActiveCfg = Release|x64
		{D1BB6B94-3515-458A-A4DD-B574C750D885}.Release|x64.Build.0 = Release|x64
		{D1BB6B94-3515-458A-A4DD-B574C750D885}.Release|x86.ActiveCfg = Release|Win32
		{D1BB6B94-3515-458A-A4DD-B574C750D885}.Release|x86.Build.0 = Release|Win32
		{43511BAF-DDC4-4968-8818-902977760D89}.Debug|x64.ActiveCfg = Debug|x64
		{43511BAF-DDC4-4968-8818-902977760D89}.Debug|x64.Build.0 = Debug|x64
		{43511BAF-DDC4-4968-8818-902977760D89}.Debug|x86.ActiveCfg = Debug|Win32
		{43511BAF-DDC4-4968-8818-902977760D89}.Debug|x86.Build.0 = Debug|Win32
		{43511BAF-DDC4-4968-8818-902977760D89}.Release|x64.ActiveCfg = Release|x64
		{43511BAF-DDC4-4968-8818-902977760D89}.Release|x64.Build.0 = Release|x64
		{43511BAF-DDC4-4968-8818-902977760D89}.Release|x86.ActiveCfg = Release|Win32
		{43511BAF-DDC4-4968-8818-902977760D89}.Release|x86.Build.0 = Release|Win32
	EndGlobalSection
	GlobalSection(SolutionProperties) = preSolution
		HideSolutionNode = FALSE
	EndGlobalSection
	GlobalSection(ExtensibilityGlobals) = postSolution
		SolutionGuid = {2A979ACA-0810-4EFC-885A-CB28C7E584AF}
	EndGlobalSection
EndGlobal
